// !$*UTF8*$!
{
	archiveVersion = 1;
	classes = {
	};
	objectVersion = 48;
	objects = {

/* Begin PBXBuildFile section */
		A6C2D6F72015A4170022C7D8 /* AppDelegate.swift in Sources */ = {isa = PBXBuildFile; fileRef = A6C2D6F62015A4170022C7D8 /* AppDelegate.swift */; };
		A6C2D6F92015A4170022C7D8 /* ViewController.swift in Sources */ = {isa = PBXBuildFile; fileRef = A6C2D6F82015A4170022C7D8 /* ViewController.swift */; };
		A6C2D6FC2015A4170022C7D8 /* Main.storyboard in Resources */ = {isa = PBXBuildFile; fileRef = A6C2D6FA2015A4170022C7D8 /* Main.storyboard */; };
		A6C2D6FE2015A4170022C7D8 /* Assets.xcassets in Resources */ = {isa = PBXBuildFile; fileRef = A6C2D6FD2015A4170022C7D8 /* Assets.xcassets */; };
		A6C2D7012015A4170022C7D8 /* LaunchScreen.storyboard in Resources */ = {isa = PBXBuildFile; fileRef = A6C2D6FF2015A4170022C7D8 /* LaunchScreen.storyboard */; };
		A6C2D7092015A4260022C7D8 /* TableViewController.swift in Sources */ = {isa = PBXBuildFile; fileRef = A6C2D7082015A4260022C7D8 /* TableViewController.swift */; };
		A6C2D70B2015A5E90022C7D8 /* LineUpTableViewController.swift in Sources */ = {isa = PBXBuildFile; fileRef = A6C2D70A2015A5E90022C7D8 /* LineUpTableViewController.swift */; };
		A6C2D70D2015AA6C0022C7D8 /* Model.swift in Sources */ = {isa = PBXBuildFile; fileRef = A6C2D70C2015AA6C0022C7D8 /* Model.swift */; };
/* End PBXBuildFile section */

/* Begin PBXFileReference section */
		A6C2D6F32015A4170022C7D8 /* HistoryTableViewController.app */ = {isa = PBXFileReference; explicitFileType = wrapper.application; includeInIndex = 0; path = HistoryTableViewController.app; sourceTree = BUILT_PRODUCTS_DIR; };
		A6C2D6F62015A4170022C7D8 /* AppDelegate.swift */ = {isa = PBXFileReference; lastKnownFileType = sourcecode.swift; path = AppDelegate.swift; sourceTree = "<group>"; };
		A6C2D6F82015A4170022C7D8 /* ViewController.swift */ = {isa = PBXFileReference; lastKnownFileType = sourcecode.swift; path = ViewController.swift; sourceTree = "<group>"; };
		A6C2D6FB2015A4170022C7D8 /* Base */ = {isa = PBXFileReference; lastKnownFileType = file.storyboard; name = Base; path = Base.lproj/Main.storyboard; sourceTree = "<group>"; };
		A6C2D6FD2015A4170022C7D8 /* Assets.xcassets */ = {isa = PBXFileReference; lastKnownFileType = folder.assetcatalog; path = Assets.xcassets; sourceTree = "<group>"; };
		A6C2D7002015A4170022C7D8 /* Base */ = {isa = PBXFileReference; lastKnownFileType = file.storyboard; name = Base; path = Base.lproj/LaunchScreen.storyboard; sourceTree = "<group>"; };
		A6C2D7022015A4170022C7D8 /* Info.plist */ = {isa = PBXFileReference; lastKnownFileType = text.plist.xml; path = Info.plist; sourceTree = "<group>"; };
		A6C2D7082015A4260022C7D8 /* TableViewController.swift */ = {isa = PBXFileReference; lastKnownFileType = sourcecode.swift; path = TableViewController.swift; sourceTree = "<group>"; };
		A6C2D70A2015A5E90022C7D8 /* LineUpTableViewController.swift */ = {isa = PBXFileReference; lastKnownFileType = sourcecode.swift; path = LineUpTableViewController.swift; sourceTree = "<group>"; };
		A6C2D70C2015AA6C0022C7D8 /* Model.swift */ = {isa = PBXFileReference; lastKnownFileType = sourcecode.swift; path = Model.swift; sourceTree = "<group>"; };
/* End PBXFileReference section */

/* Begin PBXFrameworksBuildPhase section */
		A6C2D6F02015A4170022C7D8 /* Frameworks */ = {
			isa = PBXFrameworksBuildPhase;
			buildActionMask = 2147483647;
			files = (
			);
			runOnlyForDeploymentPostprocessing = 0;
		};
/* End PBXFrameworksBuildPhase section */

/* Begin PBXGroup section */
		A6C2D6EA2015A4170022C7D8 = {
			isa = PBXGroup;
			children = (
				A6C2D7082015A4260022C7D8 /* TableViewController.swift */,
				A6C2D6F52015A4170022C7D8 /* HistoryTableViewController */,
				A6C2D6F42015A4170022C7D8 /* Products */,
			);
			sourceTree = "<group>";
		};
		A6C2D6F42015A4170022C7D8 /* Products */ = {
			isa = PBXGroup;
			children = (
				A6C2D6F32015A4170022C7D8 /* HistoryTableViewController.app */,
			);
			name = Products;
			sourceTree = "<group>";
		};
		A6C2D6F52015A4170022C7D8 /* HistoryTableViewController */ = {
			isa = PBXGroup;
			children = (
				A6C2D6F62015A4170022C7D8 /* AppDelegate.swift */,
				A6C2D6F82015A4170022C7D8 /* ViewController.swift */,
				A6C2D6FA2015A4170022C7D8 /* Main.storyboard */,
				A6C2D6FD2015A4170022C7D8 /* Assets.xcassets */,
				A6C2D6FF2015A4170022C7D8 /* LaunchScreen.storyboard */,
				A6C2D7022015A4170022C7D8 /* Info.plist */,
				A6C2D70A2015A5E90022C7D8 /* LineUpTableViewController.swift */,
				A6C2D70C2015AA6C0022C7D8 /* Model.swift */,
			);
			path = HistoryTableViewController;
			sourceTree = "<group>";
		};
/* End PBXGroup section */

/* Begin PBXNativeTarget section */
		A6C2D6F22015A4170022C7D8 /* HistoryTableViewController */ = {
			isa = PBXNativeTarget;
			buildConfigurationList = A6C2D7052015A4170022C7D8 /* Build configuration list for PBXNativeTarget "HistoryTableViewController" */;
			buildPhases = (
				A6C2D6EF2015A4170022C7D8 /* Sources */,
				A6C2D6F02015A4170022C7D8 /* Frameworks */,
				A6C2D6F12015A4170022C7D8 /* Resources */,
			);
			buildRules = (
			);
			dependencies = (
			);
			name = HistoryTableViewController;
			productName = HistoryTableViewController;
			productReference = A6C2D6F32015A4170022C7D8 /* HistoryTableViewController.app */;
			productType = "com.apple.product-type.application";
		};
/* End PBXNativeTarget section */

/* Begin PBXProject section */
		A6C2D6EB2015A4170022C7D8 /* Project object */ = {
			isa = PBXProject;
			attributes = {
				LastSwiftUpdateCheck = 0920;
				LastUpgradeCheck = 0920;
				ORGANIZATIONNAME = "맥북";
				TargetAttributes = {
					A6C2D6F22015A4170022C7D8 = {
						CreatedOnToolsVersion = 9.2;
						ProvisioningStyle = Automatic;
					};
				};
			};
			buildConfigurationList = A6C2D6EE2015A4170022C7D8 /* Build configuration list for PBXProject "HistoryTableViewController" */;
			compatibilityVersion = "Xcode 8.0";
			developmentRegion = en;
			hasScannedForEncodings = 0;
			knownRegions = (
				en,
				Base,
			);
			mainGroup = A6C2D6EA2015A4170022C7D8;
			productRefGroup = A6C2D6F42015A4170022C7D8 /* Products */;
			projectDirPath = "";
			projectRoot = "";
			targets = (
				A6C2D6F22015A4170022C7D8 /* HistoryTableViewController */,
			);
		};
/* End PBXProject section */

/* Begin PBXResourcesBuildPhase section */
		A6C2D6F12015A4170022C7D8 /* Resources */ = {
			isa = PBXResourcesBuildPhase;
			buildActionMask = 2147483647;
			files = (
				A6C2D7012015A4170022C7D8 /* LaunchScreen.storyboard in Resources */,
				A6C2D6FE2015A4170022C7D8 /* Assets.xcassets in Resources */,
				A6C2D6FC2015A4170022C7D8 /* Main.storyboard in Resources */,
			);
			runOnlyForDeploymentPostprocessing = 0;
		};
/* End PBXResourcesBuildPhase section */

/* Begin PBXSourcesBuildPhase section */
		A6C2D6EF2015A4170022C7D8 /* Sources */ = {
			isa = PBXSourcesBuildPhase;
			buildActionMask = 2147483647;
			files = (
				A6C2D70D2015AA6C0022C7D8 /* Model.swift in Sources */,
				A6C2D6F92015A4170022C7D8 /* ViewController.swift in Sources */,
				A6C2D7092015A4260022C7D8 /* TableViewController.swift in Sources */,
				A6C2D70B2015A5E90022C7D8 /* LineUpTableViewController.swift in Sources */,
				A6C2D6F72015A4170022C7D8 /* AppDelegate.swift in Sources */,
			);
			runOnlyForDeploymentPostprocessing = 0;
		};
/* End PBXSourcesBuildPhase section */

/* Begin PBXVariantGroup section */
		A6C2D6FA2015A4170022C7D8 /* Main.storyboard */ = {
			isa = PBXVariantGroup;
			children = (
				A6C2D6FB2015A4170022C7D8 /* Base */,
			);
			name = Main.storyboard;
			sourceTree = "<group>";
		};
		A6C2D6FF2015A4170022C7D8 /* LaunchScreen.storyboard */ = {
			isa = PBXVariantGroup;
			children = (
				A6C2D7002015A4170022C7D8 /* Base */,
			);
			name = LaunchScreen.storyboard;
			sourceTree = "<group>";
		};
/* End PBXVariantGroup section */

/* Begin XCBuildConfiguration section */
		A6C2D7032015A4170022C7D8 /* Debug */ = {
			isa = XCBuildConfiguration;
			buildSettings = {
				ALWAYS_SEARCH_USER_PATHS = NO;
				CLANG_ANALYZER_NONNULL = YES;
				CLANG_ANALYZER_NUMBER_OBJECT_CONVERSION = YES_AGGRESSIVE;
				CLANG_CXX_LANGUAGE_STANDARD = "gnu++14";
				CLANG_CXX_LIBRARY = "libc++";
				CLANG_ENABLE_MODULES = YES;
				CLANG_ENABLE_OBJC_ARC = YES;
				CLANG_WARN_BLOCK_CAPTURE_AUTORELEASING = YES;
				CLANG_WARN_BOOL_CONVERSION = YES;
				CLANG_WARN_COMMA = YES;
				CLANG_WARN_CONSTANT_CONVERSION = YES;
				CLANG_WARN_DIRECT_OBJC_ISA_USAGE = YES_ERROR;
				CLANG_WARN_DOCUMENTATION_COMMENTS = YES;
				CLANG_WARN_EMPTY_BODY = YES;
				CLANG_WARN_ENUM_CONVERSION = YES;
				CLANG_WARN_INFINITE_RECURSION = YES;
				CLANG_WARN_INT_CONVERSION = YES;
				CLANG_WARN_NON_LITERAL_NULL_CONVERSION = YES;
				CLANG_WARN_OBJC_LITERAL_CONVERSION = YES;
				CLANG_WARN_OBJC_ROOT_CLASS = YES_ERROR;
				CLANG_WARN_RANGE_LOOP_ANALYSIS = YES;
				CLANG_WARN_STRICT_PROTOTYPES = YES;
				CLANG_WARN_SUSPICIOUS_MOVE = YES;
				CLANG_WARN_UNGUARDED_AVAILABILITY = YES_AGGRESSIVE;
				CLANG_WARN_UNREACHABLE_CODE = YES;
				CLANG_WARN__DUPLICATE_METHOD_MATCH = YES;
				CODE_SIGN_IDENTITY = "iPhone Developer";
				COPY_PHASE_STRIP = NO;
				DEBUG_INFORMATION_FORMAT = dwarf;
				ENABLE_STRICT_OBJC_MSGSEND = YES;
				ENABLE_TESTABILITY = YES;
				GCC_C_LANGUAGE_STANDARD = gnu11;
				GCC_DYNAMIC_NO_PIC = NO;
				GCC_NO_COMMON_BLOCKS = YES;
				GCC_OPTIMIZATION_LEVEL = 0;
				GCC_PREPROCESSOR_DEFINITIONS = (
					"DEBUG=1",
					"$(inherited)",
				);
				GCC_WARN_64_TO_32_BIT_CONVERSION = YES;
				GCC_WARN_ABOUT_RETURN_TYPE = YES_ERROR;
				GCC_WARN_UNDECLARED_SELECTOR = YES;
				GCC_WARN_UNINITIALIZED_AUTOS = YES_AGGRESSIVE;
				GCC_WARN_UNUSED_FUNCTION = YES;
				GCC_WARN_UNUSED_VARIABLE = YES;
				IPHONEOS_DEPLOYMENT_TARGET = 11.2;
				MTL_ENABLE_DEBUG_INFO = YES;
				ONLY_ACTIVE_ARCH = YES;
				SDKROOT = iphoneos;
				SWIFT_ACTIVE_COMPILATION_CONDITIONS = DEBUG;
				SWIFT_OPTIMIZATION_LEVEL = "-Onone";
			};
			name = Debug;
		};
		A6C2D7042015A4170022C7D8 /* Release */ = {
			isa = XCBuildConfiguration;
			buildSettings = {
				ALWAYS_SEARCH_USER_PATHS = NO;
				CLANG_ANALYZER_NONNULL = YES;
				CLANG_ANALYZER_NUMBER_OBJECT_CONVERSION = YES_AGGRESSIVE;
				CLANG_CXX_LANGUAGE_STANDARD = "gnu++14";
				CLANG_CXX_LIBRARY = "libc++";
				CLANG_ENABLE_MODULES = YES;
				CLANG_ENABLE_OBJC_ARC = YES;
				CLANG_WARN_BLOCK_CAPTURE_AUTORELEASING = YES;
				CLANG_WARN_BOOL_CONVERSION = YES;
				CLANG_WARN_COMMA = YES;
				CLANG_WARN_CONSTANT_CONVERSION = YES;
				CLANG_WARN_DIRECT_OBJC_ISA_USAGE = YES_ERROR;
				CLANG_WARN_DOCUMENTATION_COMMENTS = YES;
				CLANG_WARN_EMPTY_BODY = YES;
				CLANG_WARN_ENUM_CONVERSION = YES;
				CLANG_WARN_INFINITE_RECURSION = YES;
				CLANG_WARN_INT_CONVERSION = YES;
				CLANG_WARN_NON_LITERAL_NULL_CONVERSION = YES;
				CLANG_WARN_OBJC_LITERAL_CONVERSION = YES;
				CLANG_WARN_OBJC_ROOT_CLASS = YES_ERROR;
				CLANG_WARN_RANGE_LOOP_ANALYSIS = YES;
				CLANG_WARN_STRICT_PROTOTYPES = YES;
				CLANG_WARN_SUSPICIOUS_MOVE = YES;
				CLANG_WARN_UNGUARDED_AVAILABILITY = YES_AGGRESSIVE;
				CLANG_WARN_UNREACHABLE_CODE = YES;
				CLANG_WARN__DUPLICATE_METHOD_MATCH = YES;
				CODE_SIGN_IDENTITY = "iPhone Developer";
				COPY_PHASE_STRIP = NO;
				DEBUG_INFORMATION_FORMAT = "dwarf-with-dsym";
				ENABLE_NS_ASSERTIONS = NO;
				ENABLE_STRICT_OBJC_MSGSEND = YES;
				GCC_C_LANGUAGE_STANDARD = gnu11;
				GCC_NO_COMMON_BLOCKS = YES;
				GCC_WARN_64_TO_32_BIT_CONVERSION = YES;
				GCC_WARN_ABOUT_RETURN_TYPE = YES_ERROR;
				GCC_WARN_UNDECLARED_SELECTOR = YES;
				GCC_WARN_UNINITIALIZED_AUTOS = YES_AGGRESSIVE;
				GCC_WARN_UNUSED_FUNCTION = YES;
				GCC_WARN_UNUSED_VARIABLE = YES;
				IPHONEOS_DEPLOYMENT_TARGET = 11.2;
				MTL_ENABLE_DEBUG_INFO = NO;
				SDKROOT = iphoneos;
				SWIFT_OPTIMIZATION_LEVEL = "-Owholemodule";
				VALIDATE_PRODUCT = YES;
			};
			name = Release;
		};
		A6C2D7062015A4170022C7D8 /* Debug */ = {
			isa = XCBuildConfiguration;
			buildSettings = {
				ASSETCATALOG_COMPILER_APPICON_NAME = AppIcon;
				CODE_SIGN_STYLE = Automatic;
				INFOPLIST_FILE = HistoryTableViewController/Info.plist;
				LD_RUNPATH_SEARCH_PATHS = "$(inherited) @executable_path/Frameworks";
				PRODUCT_BUNDLE_IDENTIFIER = jiin.HistoryTableViewController;
				PRODUCT_NAME = "$(TARGET_NAME)";
				SWIFT_VERSION = 4.0;
				TARGETED_DEVICE_FAMILY = "1,2";
			};
			name = Debug;
		};
		A6C2D7072015A4170022C7D8 /* Release */ = {
			isa = XCBuildConfiguration;
			buildSettings = {
				ASSETCATALOG_COMPILER_APPICON_NAME = AppIcon;
				CODE_SIGN_STYLE = Automatic;
				INFOPLIST_FILE = HistoryTableViewController/Info.plist;
				LD_RUNPATH_SEARCH_PATHS = "$(inherited) @executable_path/Frameworks";
				PRODUCT_BUNDLE_IDENTIFIER = jiin.HistoryTableViewController;
				PRODUCT_NAME = "$(TARGET_NAME)";
				SWIFT_VERSION = 4.0;
				TARGETED_DEVICE_FAMILY = "1,2";
			};
			name = Release;
		};
/* End XCBuildConfiguration section */

/* Begin XCConfigurationList section */
		A6C2D6EE2015A4170022C7D8 /* Build configuration list for PBXProject "HistoryTableViewController" */ = {
			isa = XCConfigurationList;
			buildConfigurations = (
				A6C2D7032015A4170022C7D8 /* Debug */,
				A6C2D7042015A4170022C7D8 /* Release */,
			);
			defaultConfigurationIsVisible = 0;
			defaultConfigurationName = Release;
		};
		A6C2D7052015A4170022C7D8 /* Build configuration list for PBXNativeTarget "HistoryTableViewController" */ = {
			isa = XCConfigurationList;
			buildConfigurations = (
				A6C2D7062015A4170022C7D8 /* Debug */,
				A6C2D7072015A4170022C7D8 /* Release */,
			);
			defaultConfigurationIsVisible = 0;
			defaultConfigurationName = Release;
		};
/* End XCConfigurationList section */
	};
	rootObject = A6C2D6EB2015A4170022C7D8 /* Project object */;
}
